
Microsoft Visual Studio Solution File, Format Version 12.00
# Visual Studio Version 16
VisualStudioVersion = 16.0.30523.141
MinimumVisualStudioVersion = 10.0.40219.1
Project("{FAE04EC0-301F-11D3-BF4B-00C04F79EFBC}") = "lab10", "lab10\lab10.csproj", "{AE2381E0-A1E2-4D0E-86C8-9C41E3D320F9}"
EndProject
Global
	GlobalSection(SolutionConfigurationPlatforms) = preSolution
		Debug|Any CPU = Debug|Any CPU
		Release|Any CPU = Release|Any CPU
	EndGlobalSection
	GlobalSection(ProjectConfigurationPlatforms) = postSolution
		{AE2381E0-A1E2-4D0E-86C8-9C41E3D320F9}.Debug|Any CPU.ActiveCfg = Debug|Any CPU
		{AE2381E0-A1E2-4D0E-86C8-9C41E3D320F9}.Debug|Any CPU.Build.0 = Debug|Any CPU
		{AE2381E0-A1E2-4D0E-86C8-9C41E3D320F9}.Release|Any CPU.ActiveCfg = Release|Any CPU
		{AE2381E0-A1E2-4D0E-86C8-9C41E3D320F9}.Release|Any CPU.Build.0 = Release|Any CPU
	EndGlobalSection
	GlobalSection(SolutionProperties) = preSolution
		HideSolutionNode = FALSE
	EndGlobalSection
	GlobalSection(ExtensibilityGlobals) = postSolution
		SolutionGuid = {752748EB-EB89-4D7F-8489-79154DAA5A05}
	EndGlobalSection
EndGlobal
