
Microsoft Visual Studio Solution File, Format Version 12.00
# Visual Studio Version 16
VisualStudioVersion = 16.0.30523.141
MinimumVisualStudioVersion = 10.0.40219.1
Project("{FAE04EC0-301F-11D3-BF4B-00C04F79EFBC}") = "task1", "task1\task1.csproj", "{728F2EB7-652A-4EA9-B42F-D726158912F2}"
EndProject
Global
	GlobalSection(SolutionConfigurationPlatforms) = preSolution
		Debug|Any CPU = Debug|Any CPU
		Release|Any CPU = Release|Any CPU
	EndGlobalSection
	GlobalSection(ProjectConfigurationPlatforms) = postSolution
		{728F2EB7-652A-4EA9-B42F-D726158912F2}.Debug|Any CPU.ActiveCfg = Debug|Any CPU
		{728F2EB7-652A-4EA9-B42F-D726158912F2}.Debug|Any CPU.Build.0 = Debug|Any CPU
		{728F2EB7-652A-4EA9-B42F-D726158912F2}.Release|Any CPU.ActiveCfg = Release|Any CPU
		{728F2EB7-652A-4EA9-B42F-D726158912F2}.Release|Any CPU.Build.0 = Release|Any CPU
	EndGlobalSection
	GlobalSection(SolutionProperties) = preSolution
		HideSolutionNode = FALSE
	EndGlobalSection
	GlobalSection(ExtensibilityGlobals) = postSolution
		SolutionGuid = {0DA6C28F-EFE1-4EB2-898D-BEE754D66C17}
	EndGlobalSection
EndGlobal
